
Microsoft Visual Studio Solution File, Format Version 12.00
# Visual Studio 15
VisualStudioVersion = 15.0.26730.16
MinimumVisualStudioVersion = 10.0.40219.1
Project("{FAE04EC0-301F-11D3-BF4B-00C04F79EFBC}") = "Net-IdentityExistingSample", "Net-IdentityExistingSample\Net-IdentityExistingSample.csproj", "{38AADA22-0EF6-4C07-A204-A8DD2E384250}"
EndProject
Global
	GlobalSection(SolutionConfigurationPlatforms) = preSolution
		Debug|Any CPU = Debug|Any CPU
		Release|Any CPU = Release|Any CPU
	EndGlobalSection
	GlobalSection(ProjectConfigurationPlatforms) = postSolution
		{38AADA22-0EF6-4C07-A204-A8DD2E384250}.Debug|Any CPU.ActiveCfg = Debug|Any CPU
		{38AADA22-0EF6-4C07-A204-A8DD2E384250}.Debug|Any CPU.Build.0 = Debug|Any CPU
		{38AADA22-0EF6-4C07-A204-A8DD2E384250}.Release|Any CPU.ActiveCfg = Release|Any CPU
		{38AADA22-0EF6-4C07-A204-A8DD2E384250}.Release|Any CPU.Build.0 = Release|Any CPU
	EndGlobalSection
	GlobalSection(SolutionProperties) = preSolution
		HideSolutionNode = FALSE
	EndGlobalSection
	GlobalSection(ExtensibilityGlobals) = postSolution
		SolutionGuid = {521790A4-F77A-49D9-A941-DCC4C76448BF}
	EndGlobalSection
EndGlobal
